
Microsoft Visual Studio Solution File, Format Version 12.00
# Visual Studio Version 17
VisualStudioVersion = 17.14.36429.23 d17.14
MinimumVisualStudioVersion = 10.0.40219.1
Project("{FAE04EC0-301F-11D3-BF4B-00C04F79EFBC}") = "ariketa6", "ariketa6.csproj", "{5C72219F-2C93-40EA-9789-438501356EAC}"
EndProject
Global
	GlobalSection(SolutionConfigurationPlatforms) = preSolution
		Debug|Any CPU = Debug|Any CPU
		Release|Any CPU = Release|Any CPU
	EndGlobalSection
	GlobalSection(ProjectConfigurationPlatforms) = postSolution
		{5C72219F-2C93-40EA-9789-438501356EAC}.Debug|Any CPU.ActiveCfg = Debug|Any CPU
		{5C72219F-2C93-40EA-9789-438501356EAC}.Debug|Any CPU.Build.0 = Debug|Any CPU
		{5C72219F-2C93-40EA-9789-438501356EAC}.Release|Any CPU.ActiveCfg = Release|Any CPU
		{5C72219F-2C93-40EA-9789-438501356EAC}.Release|Any CPU.Build.0 = Release|Any CPU
	EndGlobalSection
	GlobalSection(SolutionProperties) = preSolution
		HideSolutionNode = FALSE
	EndGlobalSection
	GlobalSection(ExtensibilityGlobals) = postSolution
		SolutionGuid = {AEC36AC6-975E-470C-8E64-AB3AFE024CC5}
	EndGlobalSection
EndGlobal
